{
    "name": "honcho-proxy",
    "version": "1.0.0",
    "lockfileVersion": 3,
    "requires": true,
    "packages": {
        "": {
            "name": "honcho-proxy",
            "version": "1.0.0",
            "dependencies": {
                "@honcho-ai/sdk": "^2.1.1"
            }
        },
        "node_modules/@honcho-ai/sdk": {
            "version": "2.1.1",
            "resolved": "https://registry.npmjs.org/@honcho-ai/sdk/-/sdk-2.1.1.tgz",
            "integrity": "sha512-1EgDchnK2bTllhUCNhH1PZbw65fExmTtY2sraqXc1O41o1gY4Rpqrl1XCo+7RfdcZo85N7vl461hqYCouhbR1A==",
            "license": "Apache-2.0",
            "dependencies": {
                "zod": "4.0.0"
            }
        },
        "node_modules/zod": {
            "version": "4.0.0",
            "resolved": "https://registry.npmjs.org/zod/-/zod-4.0.0.tgz",
            "integrity": "sha512-9diLdTPc/L7w/5jI4C3gHYNiGHDV9IZYxo1e5LSD8cabi65WVTWWb+g2BGPEpUUCOxR4D+6O5B0AzyMdUAXwrw==",
            "license": "MIT",
            "funding": {
                "url": "https://github.com/sponsors/colinhacks"
            }
        }
    }
}
